
Microsoft Visual Studio Solution File, Format Version 12.00
# Visual Studio 15
Project("{FAE04EC0-301F-11D3-BF4B-00C04F79EFBC}") = "Oculus.Platform", "Oculus.Platform.csproj", "{A953E6CD-8601-151A-32CE-2F47D7ECA884}"
EndProject
Project("{FAE04EC0-301F-11D3-BF4B-00C04F79EFBC}") = "Assembly-CSharp", "Assembly-CSharp.csproj", "{B55C1280-66A5-DF88-A3FA-B344B91C5559}"
EndProject
Project("{FAE04EC0-301F-11D3-BF4B-00C04F79EFBC}") = "Meta.WitAi", "Meta.WitAi.csproj", "{2C9EEF4C-7EE3-6F2C-25E2-4C08A13B8D47}"
EndProject
Project("{FAE04EC0-301F-11D3-BF4B-00C04F79EFBC}") = "Oculus.Spatializer", "Oculus.Spatializer.csproj", "{77624CA5-F152-57CE-4ED0-808D89410CBF}"
EndProject
Project("{FAE04EC0-301F-11D3-BF4B-00C04F79EFBC}") = "Oculus.Interaction", "Oculus.Interaction.csproj", "{2C23E7D1-116E-2409-42DE-3A495680EF70}"
EndProject
Project("{FAE04EC0-301F-11D3-BF4B-00C04F79EFBC}") = "Meta.WitAi.Lib", "Meta.WitAi.Lib.csproj", "{CD57E806-3DFF-A22D-5D1C-4419107EA6B2}"
EndProject
Project("{FAE04EC0-301F-11D3-BF4B-00C04F79EFBC}") = "Oculus.Interaction.OVR.Samples", "Oculus.Interaction.OVR.Samples.csproj", "{1B9E2A6E-F6FA-0A87-98D1-C94C93C4A52E}"
EndProject
Project("{FAE04EC0-301F-11D3-BF4B-00C04F79EFBC}") = "Oculus.VR", "Oculus.VR.csproj", "{E71EA130-01C7-5A50-C5DB-CFF9B6103D2D}"
EndProject
Project("{FAE04EC0-301F-11D3-BF4B-00C04F79EFBC}") = "Meta.XR.BuildingBlocks", "Meta.XR.BuildingBlocks.csproj", "{AD4D7391-9773-121B-D969-3B1C8294D4FB}"
EndProject
Project("{FAE04EC0-301F-11D3-BF4B-00C04F79EFBC}") = "Meta.Voice.Samples.LiveUnderstanding", "Meta.Voice.Samples.LiveUnderstanding.csproj", "{A7F2D10B-11D7-CAB8-2C68-673D1E11C852}"
EndProject
Project("{FAE04EC0-301F-11D3-BF4B-00C04F79EFBC}") = "VoiceSDK.Dictation.Runtime", "VoiceSDK.Dictation.Runtime.csproj", "{419D4FAF-2448-A8A6-8E34-D66836A325AF}"
EndProject
Project("{FAE04EC0-301F-11D3-BF4B-00C04F79EFBC}") = "Meta.WitAi.TTS", "Meta.WitAi.TTS.csproj", "{1AAF890C-48AD-EA49-8653-51FC3FE4A69C}"
EndProject
Project("{FAE04EC0-301F-11D3-BF4B-00C04F79EFBC}") = "Oculus.AudioManager", "Oculus.AudioManager.csproj", "{B9A35B7E-9189-B425-A100-A8048B95929C}"
EndProject
Project("{FAE04EC0-301F-11D3-BF4B-00C04F79EFBC}") = "Meta.Voice.Hub.Runtime", "Meta.Voice.Hub.Runtime.csproj", "{D770A314-CA75-6114-6603-70B684702B18}"
EndProject
Project("{FAE04EC0-301F-11D3-BF4B-00C04F79EFBC}") = "VoiceSDK.Runtime", "VoiceSDK.Runtime.csproj", "{A47E7B71-2C08-3B38-75D9-AD9D85AB4CB7}"
EndProject
Project("{FAE04EC0-301F-11D3-BF4B-00C04F79EFBC}") = "Facebook.Wit.Dictation", "Facebook.Wit.Dictation.csproj", "{A3D84C7A-90B4-B1E5-908A-23543396861C}"
EndProject
Project("{FAE04EC0-301F-11D3-BF4B-00C04F79EFBC}") = "Meta.WitAi.TTS.Samples", "Meta.WitAi.TTS.Samples.csproj", "{A7A491DA-7EB7-01A9-0C0D-06A58770B37A}"
EndProject
Project("{FAE04EC0-301F-11D3-BF4B-00C04F79EFBC}") = "Meta.Voice.Samples.Dictation", "Meta.Voice.Samples.Dictation.csproj", "{86DA5D6A-7DBC-3812-6C01-875B6EBFAB5E}"
EndProject
Project("{FAE04EC0-301F-11D3-BF4B-00C04F79EFBC}") = "Oculus.Interaction.OVR", "Oculus.Interaction.OVR.csproj", "{4AA5280D-D5E2-33AB-220F-73906EE01654}"
EndProject
Project("{FAE04EC0-301F-11D3-BF4B-00C04F79EFBC}") = "AssistantCoreSDKRuntime", "AssistantCoreSDKRuntime.csproj", "{9CCD7B0F-CC91-4314-4FD9-12C59142E02D}"
EndProject
Project("{FAE04EC0-301F-11D3-BF4B-00C04F79EFBC}") = "Meta.WitAi.Conduit", "Meta.WitAi.Conduit.csproj", "{581F866F-8CB9-732C-C00E-0A48258CBAF9}"
EndProject
Project("{FAE04EC0-301F-11D3-BF4B-00C04F79EFBC}") = "Oculus.LipSync", "Oculus.LipSync.csproj", "{9EFCF0BD-6A71-5EA8-EDD5-4BFE725C5205}"
EndProject
Project("{FAE04EC0-301F-11D3-BF4B-00C04F79EFBC}") = "Meta.Voice.Samples.Shapes", "Meta.Voice.Samples.Shapes.csproj", "{FE39D743-2DA7-BBF6-A050-8941EFEFD4E3}"
EndProject
Project("{FAE04EC0-301F-11D3-BF4B-00C04F79EFBC}") = "Meta.Voice.Samples.TTSVoices", "Meta.Voice.Samples.TTSVoices.csproj", "{CB9F4032-1A18-5082-6B03-4D9969058463}"
EndProject
Project("{FAE04EC0-301F-11D3-BF4B-00C04F79EFBC}") = "Meta.VoiceSDK.Mic.Other", "Meta.VoiceSDK.Mic.Other.csproj", "{35281EBE-29A7-56DE-A4E2-A53EE3903094}"
EndProject
Project("{FAE04EC0-301F-11D3-BF4B-00C04F79EFBC}") = "Meta.VoiceSDK.Mic.Common", "Meta.VoiceSDK.Mic.Common.csproj", "{4D2796CE-D635-A1B7-0B23-EE1BE1E9174C}"
EndProject
Project("{FAE04EC0-301F-11D3-BF4B-00C04F79EFBC}") = "Meta.Voice.Samples.Chess", "Meta.Voice.Samples.Chess.csproj", "{7E0685EE-7B3C-74CA-436A-25B15EBDDE8B}"
EndProject
Project("{FAE04EC0-301F-11D3-BF4B-00C04F79EFBC}") = "Meta.Voice.Samples.ShapesConduit", "Meta.Voice.Samples.ShapesConduit.csproj", "{8FAF3367-9819-95AE-F144-9B95859FC6D7}"
EndProject
Project("{FAE04EC0-301F-11D3-BF4B-00C04F79EFBC}") = "Meta.VoiceSDK.Mic.WebGL", "Meta.VoiceSDK.Mic.WebGL.csproj", "{8DDC2742-6889-DDB6-C347-4DAB56E33D1D}"
EndProject
Project("{FAE04EC0-301F-11D3-BF4B-00C04F79EFBC}") = "Meta.Voice.Samples.BuiltInTimer", "Meta.Voice.Samples.BuiltInTimer.csproj", "{B47DCF56-FD68-1D2C-14ED-11FFB560C9DC}"
EndProject
Project("{FAE04EC0-301F-11D3-BF4B-00C04F79EFBC}") = "Meta.Voice.Samples.LightTraits", "Meta.Voice.Samples.LightTraits.csproj", "{6D5918DA-AA36-7206-CF32-8F8D6DB5D20B}"
EndProject
Project("{FAE04EC0-301F-11D3-BF4B-00C04F79EFBC}") = "Meta.WitAi.Editor", "Meta.WitAi.Editor.csproj", "{74563F8A-1F6B-7D10-3639-5C97273178E8}"
EndProject
Project("{FAE04EC0-301F-11D3-BF4B-00C04F79EFBC}") = "Meta.WitAi.Conduit.Editor", "Meta.WitAi.Conduit.Editor.csproj", "{3E4A1083-0E35-FE67-462F-8D66E242ACA5}"
EndProject
Project("{FAE04EC0-301F-11D3-BF4B-00C04F79EFBC}") = "Oculus.Interaction.Editor", "Oculus.Interaction.Editor.csproj", "{5017E011-95F8-FBB1-AD66-4C32470F2BF9}"
EndProject
Project("{FAE04EC0-301F-11D3-BF4B-00C04F79EFBC}") = "Meta.Voice.Hub.Editor", "Meta.Voice.Hub.Editor.csproj", "{AA80E26F-1EF8-1758-D156-D3D4DAAADFF4}"
EndProject
Project("{FAE04EC0-301F-11D3-BF4B-00C04F79EFBC}") = "Meta.WitAI.Lib.Editor", "Meta.WitAI.Lib.Editor.csproj", "{FA528E49-55E4-60BA-428D-EDF9D45DDB08}"
EndProject
Project("{FAE04EC0-301F-11D3-BF4B-00C04F79EFBC}") = "Oculus.VR.Editor", "Oculus.VR.Editor.csproj", "{D85430FF-DEE0-97CC-A737-C7F81212D7CB}"
EndProject
Project("{FAE04EC0-301F-11D3-BF4B-00C04F79EFBC}") = "VoiceSDK.Telemetry", "VoiceSDK.Telemetry.csproj", "{ADDBE833-8E31-8FFA-AE8C-A4105E85DA85}"
EndProject
Project("{FAE04EC0-301F-11D3-BF4B-00C04F79EFBC}") = "Oculus.Interaction.OVR.Editor", "Oculus.Interaction.OVR.Editor.csproj", "{C36F162F-C019-B7F5-6D91-1F43112F079D}"
EndProject
Project("{FAE04EC0-301F-11D3-BF4B-00C04F79EFBC}") = "Meta.XR.BuildingBlocks.Editor", "Meta.XR.BuildingBlocks.Editor.csproj", "{6D028863-E7FE-CFA9-0412-06A296429643}"
EndProject
Project("{FAE04EC0-301F-11D3-BF4B-00C04F79EFBC}") = "Assembly-CSharp-Editor", "Assembly-CSharp-Editor.csproj", "{CBA24C90-531A-C850-9977-61205901BDE3}"
EndProject
Project("{FAE04EC0-301F-11D3-BF4B-00C04F79EFBC}") = "Oculus.Interaction.Samples.Editor", "Oculus.Interaction.Samples.Editor.csproj", "{C53B4C67-8699-9FCB-AC66-9FD58854C57B}"
EndProject
Project("{FAE04EC0-301F-11D3-BF4B-00C04F79EFBC}") = "Oculus.VR.Scripts.Editor", "Oculus.VR.Scripts.Editor.csproj", "{CC8199B3-9CBF-B9F2-A1DE-C9E6D9B04716}"
EndProject
Project("{FAE04EC0-301F-11D3-BF4B-00C04F79EFBC}") = "VoiceSDK.Editor", "VoiceSDK.Editor.csproj", "{66868EFA-6595-2840-ADC4-1F45CD143CA3}"
EndProject
Project("{FAE04EC0-301F-11D3-BF4B-00C04F79EFBC}") = "Oculus.Spatializer.Editor", "Oculus.Spatializer.Editor.csproj", "{22F16071-D756-98FF-AAA4-60F2836892E5}"
EndProject
Project("{FAE04EC0-301F-11D3-BF4B-00C04F79EFBC}") = "Meta.WitAi.TTS.Editor", "Meta.WitAi.TTS.Editor.csproj", "{1C42D3BF-6D95-0832-DF7C-0F4386DE5323}"
EndProject
Project("{FAE04EC0-301F-11D3-BF4B-00C04F79EFBC}") = "Facebook.Wit.Dictation.Editor", "Facebook.Wit.Dictation.Editor.csproj", "{0BBAD071-8A43-DC13-DA11-55DA68AD394E}"
EndProject
Project("{FAE04EC0-301F-11D3-BF4B-00C04F79EFBC}") = "VoiceSDK.Dictation.Editor", "VoiceSDK.Dictation.Editor.csproj", "{FDDC00BF-2862-8B08-7308-4E6845026CBF}"
EndProject
Project("{FAE04EC0-301F-11D3-BF4B-00C04F79EFBC}") = "Oculus.Platform.Editor", "Oculus.Platform.Editor.csproj", "{3E5F4BB4-2F06-592F-6895-36C31E3E1B50}"
EndProject
Project("{FAE04EC0-301F-11D3-BF4B-00C04F79EFBC}") = "Oculus.AudioManager.Audio.Editor", "Oculus.AudioManager.Audio.Editor.csproj", "{C7100302-301D-083D-4440-9AEAC8D26329}"
EndProject
Project("{FAE04EC0-301F-11D3-BF4B-00C04F79EFBC}") = "Oculus.Interaction.InterfaceSupport", "Oculus.Interaction.InterfaceSupport.csproj", "{0041A3A3-8629-E8FA-6457-AA851B9FC092}"
EndProject
Project("{FAE04EC0-301F-11D3-BF4B-00C04F79EFBC}") = "Oculus.LipSync.Editor", "Oculus.LipSync.Editor.csproj", "{F1AE0E7D-4292-1F6C-DA98-89E04A46D574}"
EndProject
Project("{FAE04EC0-301F-11D3-BF4B-00C04F79EFBC}") = "Meta.Voice.VSDKHub.Editor", "Meta.Voice.VSDKHub.Editor.csproj", "{59DEE9C6-BA8B-DEB6-4F92-403282E6A8B3}"
EndProject
Project("{FAE04EC0-301F-11D3-BF4B-00C04F79EFBC}") = "AssistantCoreSDKEditor", "AssistantCoreSDKEditor.csproj", "{6A76B66D-15C7-7475-565B-3ABE5AA342CD}"
EndProject
Project("{FAE04EC0-301F-11D3-BF4B-00C04F79EFBC}") = "Oculus.AudioManager.Utils.Editor", "Oculus.AudioManager.Utils.Editor.csproj", "{9C1005BF-1453-1CE8-7A6B-C5BCCA5136C0}"
EndProject
Global
	GlobalSection(SolutionConfigurationPlatforms) = preSolution
		Debug|Any CPU = Debug|Any CPU
		Release|Any CPU = Release|Any CPU
	EndGlobalSection
	GlobalSection(ProjectConfigurationPlatforms) = postSolution
		{A953E6CD-8601-151A-32CE-2F47D7ECA884}.Debug|Any CPU.ActiveCfg = Debug|Any CPU
		{A953E6CD-8601-151A-32CE-2F47D7ECA884}.Debug|Any CPU.Build.0 = Debug|Any CPU
		{A953E6CD-8601-151A-32CE-2F47D7ECA884}.Release|Any CPU.ActiveCfg = Release|Any CPU
		{A953E6CD-8601-151A-32CE-2F47D7ECA884}.Release|Any CPU.Build.0 = Release|Any CPU
		{B55C1280-66A5-DF88-A3FA-B344B91C5559}.Debug|Any CPU.ActiveCfg = Debug|Any CPU
		{B55C1280-66A5-DF88-A3FA-B344B91C5559}.Debug|Any CPU.Build.0 = Debug|Any CPU
		{B55C1280-66A5-DF88-A3FA-B344B91C5559}.Release|Any CPU.ActiveCfg = Release|Any CPU
		{B55C1280-66A5-DF88-A3FA-B344B91C5559}.Release|Any CPU.Build.0 = Release|Any CPU
		{2C9EEF4C-7EE3-6F2C-25E2-4C08A13B8D47}.Debug|Any CPU.ActiveCfg = Debug|Any CPU
		{2C9EEF4C-7EE3-6F2C-25E2-4C08A13B8D47}.Debug|Any CPU.Build.0 = Debug|Any CPU
		{2C9EEF4C-7EE3-6F2C-25E2-4C08A13B8D47}.Release|Any CPU.ActiveCfg = Release|Any CPU
		{2C9EEF4C-7EE3-6F2C-25E2-4C08A13B8D47}.Release|Any CPU.Build.0 = Release|Any CPU
		{77624CA5-F152-57CE-4ED0-808D89410CBF}.Debug|Any CPU.ActiveCfg = Debug|Any CPU
		{77624CA5-F152-57CE-4ED0-808D89410CBF}.Debug|Any CPU.Build.0 = Debug|Any CPU
		{77624CA5-F152-57CE-4ED0-808D89410CBF}.Release|Any CPU.ActiveCfg = Release|Any CPU
		{77624CA5-F152-57CE-4ED0-808D89410CBF}.Release|Any CPU.Build.0 = Release|Any CPU
		{2C23E7D1-116E-2409-42DE-3A495680EF70}.Debug|Any CPU.ActiveCfg = Debug|Any CPU
		{2C23E7D1-116E-2409-42DE-3A495680EF70}.Debug|Any CPU.Build.0 = Debug|Any CPU
		{2C23E7D1-116E-2409-42DE-3A495680EF70}.Release|Any CPU.ActiveCfg = Release|Any CPU
		{2C23E7D1-116E-2409-42DE-3A495680EF70}.Release|Any CPU.Build.0 = Release|Any CPU
		{CD57E806-3DFF-A22D-5D1C-4419107EA6B2}.Debug|Any CPU.ActiveCfg = Debug|Any CPU
		{CD57E806-3DFF-A22D-5D1C-4419107EA6B2}.Debug|Any CPU.Build.0 = Debug|Any CPU
		{CD57E806-3DFF-A22D-5D1C-4419107EA6B2}.Release|Any CPU.ActiveCfg = Release|Any CPU
		{CD57E806-3DFF-A22D-5D1C-4419107EA6B2}.Release|Any CPU.Build.0 = Release|Any CPU
		{1B9E2A6E-F6FA-0A87-98D1-C94C93C4A52E}.Debug|Any CPU.ActiveCfg = Debug|Any CPU
		{1B9E2A6E-F6FA-0A87-98D1-C94C93C4A52E}.Debug|Any CPU.Build.0 = Debug|Any CPU
		{1B9E2A6E-F6FA-0A87-98D1-C94C93C4A52E}.Release|Any CPU.ActiveCfg = Release|Any CPU
		{1B9E2A6E-F6FA-0A87-98D1-C94C93C4A52E}.Release|Any CPU.Build.0 = Release|Any CPU
		{E71EA130-01C7-5A50-C5DB-CFF9B6103D2D}.Debug|Any CPU.ActiveCfg = Debug|Any CPU
		{E71EA130-01C7-5A50-C5DB-CFF9B6103D2D}.Debug|Any CPU.Build.0 = Debug|Any CPU
		{E71EA130-01C7-5A50-C5DB-CFF9B6103D2D}.Release|Any CPU.ActiveCfg = Release|Any CPU
		{E71EA130-01C7-5A50-C5DB-CFF9B6103D2D}.Release|Any CPU.Build.0 = Release|Any CPU
		{AD4D7391-9773-121B-D969-3B1C8294D4FB}.Debug|Any CPU.ActiveCfg = Debug|Any CPU
		{AD4D7391-9773-121B-D969-3B1C8294D4FB}.Debug|Any CPU.Build.0 = Debug|Any CPU
		{AD4D7391-9773-121B-D969-3B1C8294D4FB}.Release|Any CPU.ActiveCfg = Release|Any CPU
		{AD4D7391-9773-121B-D969-3B1C8294D4FB}.Release|Any CPU.Build.0 = Release|Any CPU
		{A7F2D10B-11D7-CAB8-2C68-673D1E11C852}.Debug|Any CPU.ActiveCfg = Debug|Any CPU
		{A7F2D10B-11D7-CAB8-2C68-673D1E11C852}.Debug|Any CPU.Build.0 = Debug|Any CPU
		{A7F2D10B-11D7-CAB8-2C68-673D1E11C852}.Release|Any CPU.ActiveCfg = Release|Any CPU
		{A7F2D10B-11D7-CAB8-2C68-673D1E11C852}.Release|Any CPU.Build.0 = Release|Any CPU
		{419D4FAF-2448-A8A6-8E34-D66836A325AF}.Debug|Any CPU.ActiveCfg = Debug|Any CPU
		{419D4FAF-2448-A8A6-8E34-D66836A325AF}.Debug|Any CPU.Build.0 = Debug|Any CPU
		{419D4FAF-2448-A8A6-8E34-D66836A325AF}.Release|Any CPU.ActiveCfg = Release|Any CPU
		{419D4FAF-2448-A8A6-8E34-D66836A325AF}.Release|Any CPU.Build.0 = Release|Any CPU
		{1AAF890C-48AD-EA49-8653-51FC3FE4A69C}.Debug|Any CPU.ActiveCfg = Debug|Any CPU
		{1AAF890C-48AD-EA49-8653-51FC3FE4A69C}.Debug|Any CPU.Build.0 = Debug|Any CPU
		{1AAF890C-48AD-EA49-8653-51FC3FE4A69C}.Release|Any CPU.ActiveCfg = Release|Any CPU
		{1AAF890C-48AD-EA49-8653-51FC3FE4A69C}.Release|Any CPU.Build.0 = Release|Any CPU
		{B9A35B7E-9189-B425-A100-A8048B95929C}.Debug|Any CPU.ActiveCfg = Debug|Any CPU
		{B9A35B7E-9189-B425-A100-A8048B95929C}.Debug|Any CPU.Build.0 = Debug|Any CPU
		{B9A35B7E-9189-B425-A100-A8048B95929C}.Release|Any CPU.ActiveCfg = Release|Any CPU
		{B9A35B7E-9189-B425-A100-A8048B95929C}.Release|Any CPU.Build.0 = Release|Any CPU
		{D770A314-CA75-6114-6603-70B684702B18}.Debug|Any CPU.ActiveCfg = Debug|Any CPU
		{D770A314-CA75-6114-6603-70B684702B18}.Debug|Any CPU.Build.0 = Debug|Any CPU
		{D770A314-CA75-6114-6603-70B684702B18}.Release|Any CPU.ActiveCfg = Release|Any CPU
		{D770A314-CA75-6114-6603-70B684702B18}.Release|Any CPU.Build.0 = Release|Any CPU
		{A47E7B71-2C08-3B38-75D9-AD9D85AB4CB7}.Debug|Any CPU.ActiveCfg = Debug|Any CPU
		{A47E7B71-2C08-3B38-75D9-AD9D85AB4CB7}.Debug|Any CPU.Build.0 = Debug|Any CPU
		{A47E7B71-2C08-3B38-75D9-AD9D85AB4CB7}.Release|Any CPU.ActiveCfg = Release|Any CPU
		{A47E7B71-2C08-3B38-75D9-AD9D85AB4CB7}.Release|Any CPU.Build.0 = Release|Any CPU
		{A3D84C7A-90B4-B1E5-908A-23543396861C}.Debug|Any CPU.ActiveCfg = Debug|Any CPU
		{A3D84C7A-90B4-B1E5-908A-23543396861C}.Debug|Any CPU.Build.0 = Debug|Any CPU
		{A3D84C7A-90B4-B1E5-908A-23543396861C}.Release|Any CPU.ActiveCfg = Release|Any CPU
		{A3D84C7A-90B4-B1E5-908A-23543396861C}.Release|Any CPU.Build.0 = Release|Any CPU
		{A7A491DA-7EB7-01A9-0C0D-06A58770B37A}.Debug|Any CPU.ActiveCfg = Debug|Any CPU
		{A7A491DA-7EB7-01A9-0C0D-06A58770B37A}.Debug|Any CPU.Build.0 = Debug|Any CPU
		{A7A491DA-7EB7-01A9-0C0D-06A58770B37A}.Release|Any CPU.ActiveCfg = Release|Any CPU
		{A7A491DA-7EB7-01A9-0C0D-06A58770B37A}.Release|Any CPU.Build.0 = Release|Any CPU
		{86DA5D6A-7DBC-3812-6C01-875B6EBFAB5E}.Debug|Any CPU.ActiveCfg = Debug|Any CPU
		{86DA5D6A-7DBC-3812-6C01-875B6EBFAB5E}.Debug|Any CPU.Build.0 = Debug|Any CPU
		{86DA5D6A-7DBC-3812-6C01-875B6EBFAB5E}.Release|Any CPU.ActiveCfg = Release|Any CPU
		{86DA5D6A-7DBC-3812-6C01-875B6EBFAB5E}.Release|Any CPU.Build.0 = Release|Any CPU
		{4AA5280D-D5E2-33AB-220F-73906EE01654}.Debug|Any CPU.ActiveCfg = Debug|Any CPU
		{4AA5280D-D5E2-33AB-220F-73906EE01654}.Debug|Any CPU.Build.0 = Debug|Any CPU
		{4AA5280D-D5E2-33AB-220F-73906EE01654}.Release|Any CPU.ActiveCfg = Release|Any CPU
		{4AA5280D-D5E2-33AB-220F-73906EE01654}.Release|Any CPU.Build.0 = Release|Any CPU
		{9CCD7B0F-CC91-4314-4FD9-12C59142E02D}.Debug|Any CPU.ActiveCfg = Debug|Any CPU
		{9CCD7B0F-CC91-4314-4FD9-12C59142E02D}.Debug|Any CPU.Build.0 = Debug|Any CPU
		{9CCD7B0F-CC91-4314-4FD9-12C59142E02D}.Release|Any CPU.ActiveCfg = Release|Any CPU
		{9CCD7B0F-CC91-4314-4FD9-12C59142E02D}.Release|Any CPU.Build.0 = Release|Any CPU
		{581F866F-8CB9-732C-C00E-0A48258CBAF9}.Debug|Any CPU.ActiveCfg = Debug|Any CPU
		{581F866F-8CB9-732C-C00E-0A48258CBAF9}.Debug|Any CPU.Build.0 = Debug|Any CPU
		{581F866F-8CB9-732C-C00E-0A48258CBAF9}.Release|Any CPU.ActiveCfg = Release|Any CPU
		{581F866F-8CB9-732C-C00E-0A48258CBAF9}.Release|Any CPU.Build.0 = Release|Any CPU
		{9EFCF0BD-6A71-5EA8-EDD5-4BFE725C5205}.Debug|Any CPU.ActiveCfg = Debug|Any CPU
		{9EFCF0BD-6A71-5EA8-EDD5-4BFE725C5205}.Debug|Any CPU.Build.0 = Debug|Any CPU
		{9EFCF0BD-6A71-5EA8-EDD5-4BFE725C5205}.Release|Any CPU.ActiveCfg = Release|Any CPU
		{9EFCF0BD-6A71-5EA8-EDD5-4BFE725C5205}.Release|Any CPU.Build.0 = Release|Any CPU
		{FE39D743-2DA7-BBF6-A050-8941EFEFD4E3}.Debug|Any CPU.ActiveCfg = Debug|Any CPU
		{FE39D743-2DA7-BBF6-A050-8941EFEFD4E3}.Debug|Any CPU.Build.0 = Debug|Any CPU
		{FE39D743-2DA7-BBF6-A050-8941EFEFD4E3}.Release|Any CPU.ActiveCfg = Release|Any CPU
		{FE39D743-2DA7-BBF6-A050-8941EFEFD4E3}.Release|Any CPU.Build.0 = Release|Any CPU
		{CB9F4032-1A18-5082-6B03-4D9969058463}.Debug|Any CPU.ActiveCfg = Debug|Any CPU
		{CB9F4032-1A18-5082-6B03-4D9969058463}.Debug|Any CPU.Build.0 = Debug|Any CPU
		{CB9F4032-1A18-5082-6B03-4D9969058463}.Release|Any CPU.ActiveCfg = Release|Any CPU
		{CB9F4032-1A18-5082-6B03-4D9969058463}.Release|Any CPU.Build.0 = Release|Any CPU
		{35281EBE-29A7-56DE-A4E2-A53EE3903094}.Debug|Any CPU.ActiveCfg = Debug|Any CPU
		{35281EBE-29A7-56DE-A4E2-A53EE3903094}.Debug|Any CPU.Build.0 = Debug|Any CPU
		{35281EBE-29A7-56DE-A4E2-A53EE3903094}.Release|Any CPU.ActiveCfg = Release|Any CPU
		{35281EBE-29A7-56DE-A4E2-A53EE3903094}.Release|Any CPU.Build.0 = Release|Any CPU
		{4D2796CE-D635-A1B7-0B23-EE1BE1E9174C}.Debug|Any CPU.ActiveCfg = Debug|Any CPU
		{4D2796CE-D635-A1B7-0B23-EE1BE1E9174C}.Debug|Any CPU.Build.0 = Debug|Any CPU
		{4D2796CE-D635-A1B7-0B23-EE1BE1E9174C}.Release|Any CPU.ActiveCfg = Release|Any CPU
		{4D2796CE-D635-A1B7-0B23-EE1BE1E9174C}.Release|Any CPU.Build.0 = Release|Any CPU
		{7E0685EE-7B3C-74CA-436A-25B15EBDDE8B}.Debug|Any CPU.ActiveCfg = Debug|Any CPU
		{7E0685EE-7B3C-74CA-436A-25B15EBDDE8B}.Debug|Any CPU.Build.0 = Debug|Any CPU
		{7E0685EE-7B3C-74CA-436A-25B15EBDDE8B}.Release|Any CPU.ActiveCfg = Release|Any CPU
		{7E0685EE-7B3C-74CA-436A-25B15EBDDE8B}.Release|Any CPU.Build.0 = Release|Any CPU
		{8FAF3367-9819-95AE-F144-9B95859FC6D7}.Debug|Any CPU.ActiveCfg = Debug|Any CPU
		{8FAF3367-9819-95AE-F144-9B95859FC6D7}.Debug|Any CPU.Build.0 = Debug|Any CPU
		{8FAF3367-9819-95AE-F144-9B95859FC6D7}.Release|Any CPU.ActiveCfg = Release|Any CPU
		{8FAF3367-9819-95AE-F144-9B95859FC6D7}.Release|Any CPU.Build.0 = Release|Any CPU
		{8DDC2742-6889-DDB6-C347-4DAB56E33D1D}.Debug|Any CPU.ActiveCfg = Debug|Any CPU
		{8DDC2742-6889-DDB6-C347-4DAB56E33D1D}.Debug|Any CPU.Build.0 = Debug|Any CPU
		{8DDC2742-6889-DDB6-C347-4DAB56E33D1D}.Release|Any CPU.ActiveCfg = Release|Any CPU
		{8DDC2742-6889-DDB6-C347-4DAB56E33D1D}.Release|Any CPU.Build.0 = Release|Any CPU
		{B47DCF56-FD68-1D2C-14ED-11FFB560C9DC}.Debug|Any CPU.ActiveCfg = Debug|Any CPU
		{B47DCF56-FD68-1D2C-14ED-11FFB560C9DC}.Debug|Any CPU.Build.0 = Debug|Any CPU
		{B47DCF56-FD68-1D2C-14ED-11FFB560C9DC}.Release|Any CPU.ActiveCfg = Release|Any CPU
		{B47DCF56-FD68-1D2C-14ED-11FFB560C9DC}.Release|Any CPU.Build.0 = Release|Any CPU
		{6D5918DA-AA36-7206-CF32-8F8D6DB5D20B}.Debug|Any CPU.ActiveCfg = Debug|Any CPU
		{6D5918DA-AA36-7206-CF32-8F8D6DB5D20B}.Debug|Any CPU.Build.0 = Debug|Any CPU
		{6D5918DA-AA36-7206-CF32-8F8D6DB5D20B}.Release|Any CPU.ActiveCfg = Release|Any CPU
		{6D5918DA-AA36-7206-CF32-8F8D6DB5D20B}.Release|Any CPU.Build.0 = Release|Any CPU
		{74563F8A-1F6B-7D10-3639-5C97273178E8}.Debug|Any CPU.ActiveCfg = Debug|Any CPU
		{74563F8A-1F6B-7D10-3639-5C97273178E8}.Debug|Any CPU.Build.0 = Debug|Any CPU
		{74563F8A-1F6B-7D10-3639-5C97273178E8}.Release|Any CPU.ActiveCfg = Release|Any CPU
		{74563F8A-1F6B-7D10-3639-5C97273178E8}.Release|Any CPU.Build.0 = Release|Any CPU
		{3E4A1083-0E35-FE67-462F-8D66E242ACA5}.Debug|Any CPU.ActiveCfg = Debug|Any CPU
		{3E4A1083-0E35-FE67-462F-8D66E242ACA5}.Debug|Any CPU.Build.0 = Debug|Any CPU
		{3E4A1083-0E35-FE67-462F-8D66E242ACA5}.Release|Any CPU.ActiveCfg = Release|Any CPU
		{3E4A1083-0E35-FE67-462F-8D66E242ACA5}.Release|Any CPU.Build.0 = Release|Any CPU
		{5017E011-95F8-FBB1-AD66-4C32470F2BF9}.Debug|Any CPU.ActiveCfg = Debug|Any CPU
		{5017E011-95F8-FBB1-AD66-4C32470F2BF9}.Debug|Any CPU.Build.0 = Debug|Any CPU
		{5017E011-95F8-FBB1-AD66-4C32470F2BF9}.Release|Any CPU.ActiveCfg = Release|Any CPU
		{5017E011-95F8-FBB1-AD66-4C32470F2BF9}.Release|Any CPU.Build.0 = Release|Any CPU
		{AA80E26F-1EF8-1758-D156-D3D4DAAADFF4}.Debug|Any CPU.ActiveCfg = Debug|Any CPU
		{AA80E26F-1EF8-1758-D156-D3D4DAAADFF4}.Debug|Any CPU.Build.0 = Debug|Any CPU
		{AA80E26F-1EF8-1758-D156-D3D4DAAADFF4}.Release|Any CPU.ActiveCfg = Release|Any CPU
		{AA80E26F-1EF8-1758-D156-D3D4DAAADFF4}.Release|Any CPU.Build.0 = Release|Any CPU
		{FA528E49-55E4-60BA-428D-EDF9D45DDB08}.Debug|Any CPU.ActiveCfg = Debug|Any CPU
		{FA528E49-55E4-60BA-428D-EDF9D45DDB08}.Debug|Any CPU.Build.0 = Debug|Any CPU
		{FA528E49-55E4-60BA-428D-EDF9D45DDB08}.Release|Any CPU.ActiveCfg = Release|Any CPU
		{FA528E49-55E4-60BA-428D-EDF9D45DDB08}.Release|Any CPU.Build.0 = Release|Any CPU
		{D85430FF-DEE0-97CC-A737-C7F81212D7CB}.Debug|Any CPU.ActiveCfg = Debug|Any CPU
		{D85430FF-DEE0-97CC-A737-C7F81212D7CB}.Debug|Any CPU.Build.0 = Debug|Any CPU
		{D85430FF-DEE0-97CC-A737-C7F81212D7CB}.Release|Any CPU.ActiveCfg = Release|Any CPU
		{D85430FF-DEE0-97CC-A737-C7F81212D7CB}.Release|Any CPU.Build.0 = Release|Any CPU
		{ADDBE833-8E31-8FFA-AE8C-A4105E85DA85}.Debug|Any CPU.ActiveCfg = Debug|Any CPU
		{ADDBE833-8E31-8FFA-AE8C-A4105E85DA85}.Debug|Any CPU.Build.0 = Debug|Any CPU
		{ADDBE833-8E31-8FFA-AE8C-A4105E85DA85}.Release|Any CPU.ActiveCfg = Release|Any CPU
		{ADDBE833-8E31-8FFA-AE8C-A4105E85DA85}.Release|Any CPU.Build.0 = Release|Any CPU
		{C36F162F-C019-B7F5-6D91-1F43112F079D}.Debug|Any CPU.ActiveCfg = Debug|Any CPU
		{C36F162F-C019-B7F5-6D91-1F43112F079D}.Debug|Any CPU.Build.0 = Debug|Any CPU
		{C36F162F-C019-B7F5-6D91-1F43112F079D}.Release|Any CPU.ActiveCfg = Release|Any CPU
		{C36F162F-C019-B7F5-6D91-1F43112F079D}.Release|Any CPU.Build.0 = Release|Any CPU
		{6D028863-E7FE-CFA9-0412-06A296429643}.Debug|Any CPU.ActiveCfg = Debug|Any CPU
		{6D028863-E7FE-CFA9-0412-06A296429643}.Debug|Any CPU.Build.0 = Debug|Any CPU
		{6D028863-E7FE-CFA9-0412-06A296429643}.Release|Any CPU.ActiveCfg = Release|Any CPU
		{6D028863-E7FE-CFA9-0412-06A296429643}.Release|Any CPU.Build.0 = Release|Any CPU
		{CBA24C90-531A-C850-9977-61205901BDE3}.Debug|Any CPU.ActiveCfg = Debug|Any CPU
		{CBA24C90-531A-C850-9977-61205901BDE3}.Debug|Any CPU.Build.0 = Debug|Any CPU
		{CBA24C90-531A-C850-9977-61205901BDE3}.Release|Any CPU.ActiveCfg = Release|Any CPU
		{CBA24C90-531A-C850-9977-61205901BDE3}.Release|Any CPU.Build.0 = Release|Any CPU
		{C53B4C67-8699-9FCB-AC66-9FD58854C57B}.Debug|Any CPU.ActiveCfg = Debug|Any CPU
		{C53B4C67-8699-9FCB-AC66-9FD58854C57B}.Debug|Any CPU.Build.0 = Debug|Any CPU
		{C53B4C67-8699-9FCB-AC66-9FD58854C57B}.Release|Any CPU.ActiveCfg = Release|Any CPU
		{C53B4C67-8699-9FCB-AC66-9FD58854C57B}.Release|Any CPU.Build.0 = Release|Any CPU
		{CC8199B3-9CBF-B9F2-A1DE-C9E6D9B04716}.Debug|Any CPU.ActiveCfg = Debug|Any CPU
		{CC8199B3-9CBF-B9F2-A1DE-C9E6D9B04716}.Debug|Any CPU.Build.0 = Debug|Any CPU
		{CC8199B3-9CBF-B9F2-A1DE-C9E6D9B04716}.Release|Any CPU.ActiveCfg = Release|Any CPU
		{CC8199B3-9CBF-B9F2-A1DE-C9E6D9B04716}.Release|Any CPU.Build.0 = Release|Any CPU
		{66868EFA-6595-2840-ADC4-1F45CD143CA3}.Debug|Any CPU.ActiveCfg = Debug|Any CPU
		{66868EFA-6595-2840-ADC4-1F45CD143CA3}.Debug|Any CPU.Build.0 = Debug|Any CPU
		{66868EFA-6595-2840-ADC4-1F45CD143CA3}.Release|Any CPU.ActiveCfg = Release|Any CPU
		{66868EFA-6595-2840-ADC4-1F45CD143CA3}.Release|Any CPU.Build.0 = Release|Any CPU
		{22F16071-D756-98FF-AAA4-60F2836892E5}.Debug|Any CPU.ActiveCfg = Debug|Any CPU
		{22F16071-D756-98FF-AAA4-60F2836892E5}.Debug|Any CPU.Build.0 = Debug|Any CPU
		{22F16071-D756-98FF-AAA4-60F2836892E5}.Release|Any CPU.ActiveCfg = Release|Any CPU
		{22F16071-D756-98FF-AAA4-60F2836892E5}.Release|Any CPU.Build.0 = Release|Any CPU
		{1C42D3BF-6D95-0832-DF7C-0F4386DE5323}.Debug|Any CPU.ActiveCfg = Debug|Any CPU
		{1C42D3BF-6D95-0832-DF7C-0F4386DE5323}.Debug|Any CPU.Build.0 = Debug|Any CPU
		{1C42D3BF-6D95-0832-DF7C-0F4386DE5323}.Release|Any CPU.ActiveCfg = Release|Any CPU
		{1C42D3BF-6D95-0832-DF7C-0F4386DE5323}.Release|Any CPU.Build.0 = Release|Any CPU
		{0BBAD071-8A43-DC13-DA11-55DA68AD394E}.Debug|Any CPU.ActiveCfg = Debug|Any CPU
		{0BBAD071-8A43-DC13-DA11-55DA68AD394E}.Debug|Any CPU.Build.0 = Debug|Any CPU
		{0BBAD071-8A43-DC13-DA11-55DA68AD394E}.Release|Any CPU.ActiveCfg = Release|Any CPU
		{0BBAD071-8A43-DC13-DA11-55DA68AD394E}.Release|Any CPU.Build.0 = Release|Any CPU
		{FDDC00BF-2862-8B08-7308-4E6845026CBF}.Debug|Any CPU.ActiveCfg = Debug|Any CPU
		{FDDC00BF-2862-8B08-7308-4E6845026CBF}.Debug|Any CPU.Build.0 = Debug|Any CPU
		{FDDC00BF-2862-8B08-7308-4E6845026CBF}.Release|Any CPU.ActiveCfg = Release|Any CPU
		{FDDC00BF-2862-8B08-7308-4E6845026CBF}.Release|Any CPU.Build.0 = Release|Any CPU
		{3E5F4BB4-2F06-592F-6895-36C31E3E1B50}.Debug|Any CPU.ActiveCfg = Debug|Any CPU
		{3E5F4BB4-2F06-592F-6895-36C31E3E1B50}.Debug|Any CPU.Build.0 = Debug|Any CPU
		{3E5F4BB4-2F06-592F-6895-36C31E3E1B50}.Release|Any CPU.ActiveCfg = Release|Any CPU
		{3E5F4BB4-2F06-592F-6895-36C31E3E1B50}.Release|Any CPU.Build.0 = Release|Any CPU
		{C7100302-301D-083D-4440-9AEAC8D26329}.Debug|Any CPU.ActiveCfg = Debug|Any CPU
		{C7100302-301D-083D-4440-9AEAC8D26329}.Debug|Any CPU.Build.0 = Debug|Any CPU
		{C7100302-301D-083D-4440-9AEAC8D26329}.Release|Any CPU.ActiveCfg = Release|Any CPU
		{C7100302-301D-083D-4440-9AEAC8D26329}.Release|Any CPU.Build.0 = Release|Any CPU
		{0041A3A3-8629-E8FA-6457-AA851B9FC092}.Debug|Any CPU.ActiveCfg = Debug|Any CPU
		{0041A3A3-8629-E8FA-6457-AA851B9FC092}.Debug|Any CPU.Build.0 = Debug|Any CPU
		{0041A3A3-8629-E8FA-6457-AA851B9FC092}.Release|Any CPU.ActiveCfg = Release|Any CPU
		{0041A3A3-8629-E8FA-6457-AA851B9FC092}.Release|Any CPU.Build.0 = Release|Any CPU
		{F1AE0E7D-4292-1F6C-DA98-89E04A46D574}.Debug|Any CPU.ActiveCfg = Debug|Any CPU
		{F1AE0E7D-4292-1F6C-DA98-89E04A46D574}.Debug|Any CPU.Build.0 = Debug|Any CPU
		{F1AE0E7D-4292-1F6C-DA98-89E04A46D574}.Release|Any CPU.ActiveCfg = Release|Any CPU
		{F1AE0E7D-4292-1F6C-DA98-89E04A46D574}.Release|Any CPU.Build.0 = Release|Any CPU
		{59DEE9C6-BA8B-DEB6-4F92-403282E6A8B3}.Debug|Any CPU.ActiveCfg = Debug|Any CPU
		{59DEE9C6-BA8B-DEB6-4F92-403282E6A8B3}.Debug|Any CPU.Build.0 = Debug|Any CPU
		{59DEE9C6-BA8B-DEB6-4F92-403282E6A8B3}.Release|Any CPU.ActiveCfg = Release|Any CPU
		{59DEE9C6-BA8B-DEB6-4F92-403282E6A8B3}.Release|Any CPU.Build.0 = Release|Any CPU
		{6A76B66D-15C7-7475-565B-3ABE5AA342CD}.Debug|Any CPU.ActiveCfg = Debug|Any CPU
		{6A76B66D-15C7-7475-565B-3ABE5AA342CD}.Debug|Any CPU.Build.0 = Debug|Any CPU
		{6A76B66D-15C7-7475-565B-3ABE5AA342CD}.Release|Any CPU.ActiveCfg = Release|Any CPU
		{6A76B66D-15C7-7475-565B-3ABE5AA342CD}.Release|Any CPU.Build.0 = Release|Any CPU
		{9C1005BF-1453-1CE8-7A6B-C5BCCA5136C0}.Debug|Any CPU.ActiveCfg = Debug|Any CPU
		{9C1005BF-1453-1CE8-7A6B-C5BCCA5136C0}.Debug|Any CPU.Build.0 = Debug|Any CPU
		{9C1005BF-1453-1CE8-7A6B-C5BCCA5136C0}.Release|Any CPU.ActiveCfg = Release|Any CPU
		{9C1005BF-1453-1CE8-7A6B-C5BCCA5136C0}.Release|Any CPU.Build.0 = Release|Any CPU
	EndGlobalSection
	GlobalSection(SolutionProperties) = preSolution
		HideSolutionNode = FALSE
	EndGlobalSection
EndGlobal
