
Microsoft Visual Studio Solution File, Format Version 12.00
# Visual Studio 15
Project("{FAE04EC0-301F-11D3-BF4B-00C04F79EFBC}") = "Oculus.Platform", "Oculus.Platform.csproj", "{DC569937-F7B8-07A6-43D8-C31BC1D54FF9}"
EndProject
Project("{FAE04EC0-301F-11D3-BF4B-00C04F79EFBC}") = "Assembly-CSharp", "Assembly-CSharp.csproj", "{C9FC1B86-8FD1-3948-34A5-859355B67200}"
EndProject
Project("{FAE04EC0-301F-11D3-BF4B-00C04F79EFBC}") = "Meta.WitAi", "Meta.WitAi.csproj", "{E75AB7D0-C3E9-8E7B-1EDC-527C1BBB6C52}"
EndProject
Project("{FAE04EC0-301F-11D3-BF4B-00C04F79EFBC}") = "Oculus.Interaction", "Oculus.Interaction.csproj", "{3CEEBC89-5FB5-837A-4F7C-3EF7E85F92DE}"
EndProject
Project("{FAE04EC0-301F-11D3-BF4B-00C04F79EFBC}") = "Oculus.VR", "Oculus.VR.csproj", "{94B1ECF0-F812-F981-EA5E-AD7C61BBA197}"
EndProject
Project("{FAE04EC0-301F-11D3-BF4B-00C04F79EFBC}") = "Meta.XR.BuildingBlocks", "Meta.XR.BuildingBlocks.csproj", "{43027E52-0BA2-9125-B926-8A0BDCF91733}"
EndProject
Project("{FAE04EC0-301F-11D3-BF4B-00C04F79EFBC}") = "VoiceSDK.Dictation.Runtime", "VoiceSDK.Dictation.Runtime.csproj", "{CDCDD09B-2BC7-73A8-8E49-8C39D73E6ED2}"
EndProject
Project("{FAE04EC0-301F-11D3-BF4B-00C04F79EFBC}") = "Meta.WitAi.Lib", "Meta.WitAi.Lib.csproj", "{1BC21E2C-2B9D-0C8A-78D6-380251227D37}"
EndProject
Project("{FAE04EC0-301F-11D3-BF4B-00C04F79EFBC}") = "Meta.Voice.Hub.Runtime", "Meta.Voice.Hub.Runtime.csproj", "{7C0DF4BE-6EEA-856D-D99A-A9317775EA94}"
EndProject
Project("{FAE04EC0-301F-11D3-BF4B-00C04F79EFBC}") = "VoiceSDK.Runtime", "VoiceSDK.Runtime.csproj", "{84850C07-CCCE-DB3A-0ED9-B06E68D59584}"
EndProject
Project("{FAE04EC0-301F-11D3-BF4B-00C04F79EFBC}") = "Oculus.Interaction.OVR.Samples", "Oculus.Interaction.OVR.Samples.csproj", "{726425E0-757C-71E4-D330-B6E8D5D697EC}"
EndProject
Project("{FAE04EC0-301F-11D3-BF4B-00C04F79EFBC}") = "Meta.WitAi.TTS.Samples", "Meta.WitAi.TTS.Samples.csproj", "{5EAA62F9-C75F-A43E-7F9C-5B1EDBAB0801}"
EndProject
Project("{FAE04EC0-301F-11D3-BF4B-00C04F79EFBC}") = "Oculus.Interaction.OVR", "Oculus.Interaction.OVR.csproj", "{2ACD7EB1-A3CF-70F0-D1E0-BDC55452C41B}"
EndProject
Project("{FAE04EC0-301F-11D3-BF4B-00C04F79EFBC}") = "AssistantCoreSDKRuntime", "AssistantCoreSDKRuntime.csproj", "{3A83B0B5-D79F-B283-92D9-A87501B06F0D}"
EndProject
Project("{FAE04EC0-301F-11D3-BF4B-00C04F79EFBC}") = "Meta.WitAi.Conduit", "Meta.WitAi.Conduit.csproj", "{24BE58F4-4732-3AE1-AD98-CD1515BE73DF}"
EndProject
Project("{FAE04EC0-301F-11D3-BF4B-00C04F79EFBC}") = "Oculus.AudioManager", "Oculus.AudioManager.csproj", "{C94D42C2-CC5C-DDB7-AC42-C876C08EC7E9}"
EndProject
Project("{FAE04EC0-301F-11D3-BF4B-00C04F79EFBC}") = "Oculus.LipSync", "Oculus.LipSync.csproj", "{90903154-6B13-708F-05D6-3B426D18A063}"
EndProject
Project("{FAE04EC0-301F-11D3-BF4B-00C04F79EFBC}") = "Oculus.Spatializer", "Oculus.Spatializer.csproj", "{D4CDF345-7F29-3AA6-F73D-267406281DB9}"
EndProject
Project("{FAE04EC0-301F-11D3-BF4B-00C04F79EFBC}") = "Meta.Voice.Samples.Shapes", "Meta.Voice.Samples.Shapes.csproj", "{925A94A8-055A-5882-70A4-354130B1057E}"
EndProject
Project("{FAE04EC0-301F-11D3-BF4B-00C04F79EFBC}") = "Meta.WitAi.TTS", "Meta.WitAi.TTS.csproj", "{9316E5F4-5A74-FCD2-C813-37CB48BA06CE}"
EndProject
Project("{FAE04EC0-301F-11D3-BF4B-00C04F79EFBC}") = "Meta.Voice.Samples.TTSVoices", "Meta.Voice.Samples.TTSVoices.csproj", "{2299484D-4D7A-C390-6829-8F62057F4C63}"
EndProject
Project("{FAE04EC0-301F-11D3-BF4B-00C04F79EFBC}") = "Meta.VoiceSDK.Mic.Other", "Meta.VoiceSDK.Mic.Other.csproj", "{F377E9AF-1054-8456-D73B-8E0B75DAC622}"
EndProject
Project("{FAE04EC0-301F-11D3-BF4B-00C04F79EFBC}") = "Meta.Voice.Samples.Chess", "Meta.Voice.Samples.Chess.csproj", "{1DC8CE22-3FE9-5B04-5580-6B8F77F0B1E5}"
EndProject
Project("{FAE04EC0-301F-11D3-BF4B-00C04F79EFBC}") = "Meta.VoiceSDK.Mic.WebGL", "Meta.VoiceSDK.Mic.WebGL.csproj", "{850B02DC-2B20-A0FE-E673-64920A7A79F4}"
EndProject
Project("{FAE04EC0-301F-11D3-BF4B-00C04F79EFBC}") = "Meta.VoiceSDK.Mic.Common", "Meta.VoiceSDK.Mic.Common.csproj", "{3D04EFCD-1010-1A50-08E0-6BF76B33102E}"
EndProject
Project("{FAE04EC0-301F-11D3-BF4B-00C04F79EFBC}") = "Facebook.Wit.Dictation", "Facebook.Wit.Dictation.csproj", "{F99AB601-4327-ADD8-F6E3-78B1FB175898}"
EndProject
Project("{FAE04EC0-301F-11D3-BF4B-00C04F79EFBC}") = "Meta.Voice.Samples.LightTraits", "Meta.Voice.Samples.LightTraits.csproj", "{FB1E0EBB-8ABF-811E-8E52-D49D3E8A8D86}"
EndProject
Project("{FAE04EC0-301F-11D3-BF4B-00C04F79EFBC}") = "Meta.Voice.Samples.ShapesConduit", "Meta.Voice.Samples.ShapesConduit.csproj", "{65D7E791-D20F-3D5A-25C5-8843110E9AFB}"
EndProject
Project("{FAE04EC0-301F-11D3-BF4B-00C04F79EFBC}") = "Meta.Voice.Samples.BuiltInTimer", "Meta.Voice.Samples.BuiltInTimer.csproj", "{1BDE8962-8D34-87DA-893F-B46C66057B24}"
EndProject
Project("{FAE04EC0-301F-11D3-BF4B-00C04F79EFBC}") = "Meta.Voice.Samples.LiveUnderstanding", "Meta.Voice.Samples.LiveUnderstanding.csproj", "{C0581080-277F-15FF-7086-F7398ACF8804}"
EndProject
Project("{FAE04EC0-301F-11D3-BF4B-00C04F79EFBC}") = "Meta.Voice.Samples.Dictation", "Meta.Voice.Samples.Dictation.csproj", "{000FD151-1D8A-0C7C-7906-72EA980ABD8A}"
EndProject
Project("{FAE04EC0-301F-11D3-BF4B-00C04F79EFBC}") = "Meta.WitAi.Editor", "Meta.WitAi.Editor.csproj", "{35BDF5CE-D7EE-53D5-18AF-2CDCDA5F0041}"
EndProject
Project("{FAE04EC0-301F-11D3-BF4B-00C04F79EFBC}") = "Meta.WitAI.Lib.Editor", "Meta.WitAI.Lib.Editor.csproj", "{9697AFBF-735F-1B19-1F12-684DC17DC2BD}"
EndProject
Project("{FAE04EC0-301F-11D3-BF4B-00C04F79EFBC}") = "Oculus.VR.Editor", "Oculus.VR.Editor.csproj", "{967C6479-4D6C-AFEC-58F5-B85ED27A7BBA}"
EndProject
Project("{FAE04EC0-301F-11D3-BF4B-00C04F79EFBC}") = "Meta.WitAi.Conduit.Editor", "Meta.WitAi.Conduit.Editor.csproj", "{1FFFED8F-3F03-7C84-D7E0-6D6F46C2636D}"
EndProject
Project("{FAE04EC0-301F-11D3-BF4B-00C04F79EFBC}") = "Meta.Voice.Hub.Editor", "Meta.Voice.Hub.Editor.csproj", "{B5FA52C7-5DBE-498E-CD39-A10F3628C6A1}"
EndProject
Project("{FAE04EC0-301F-11D3-BF4B-00C04F79EFBC}") = "VoiceSDK.Telemetry", "VoiceSDK.Telemetry.csproj", "{76DA9067-F845-E291-A50F-DCF13A36DD7E}"
EndProject
Project("{FAE04EC0-301F-11D3-BF4B-00C04F79EFBC}") = "Oculus.Interaction.Editor", "Oculus.Interaction.Editor.csproj", "{0DE54A29-61B0-8701-F003-CB4F7968F507}"
EndProject
Project("{FAE04EC0-301F-11D3-BF4B-00C04F79EFBC}") = "Oculus.Interaction.OVR.Editor", "Oculus.Interaction.OVR.Editor.csproj", "{71ED1165-5BFE-8CFE-6B15-9E22177AA424}"
EndProject
Project("{FAE04EC0-301F-11D3-BF4B-00C04F79EFBC}") = "Meta.XR.BuildingBlocks.Editor", "Meta.XR.BuildingBlocks.Editor.csproj", "{309FB79E-7643-3384-1094-A7EEED17317F}"
EndProject
Project("{FAE04EC0-301F-11D3-BF4B-00C04F79EFBC}") = "Assembly-CSharp-Editor", "Assembly-CSharp-Editor.csproj", "{7D084852-B9B5-43A4-9D3F-D1A93F1E67CE}"
EndProject
Project("{FAE04EC0-301F-11D3-BF4B-00C04F79EFBC}") = "Oculus.VR.Scripts.Editor", "Oculus.VR.Scripts.Editor.csproj", "{35C97B53-BE38-E156-87D8-4880BBDBD917}"
EndProject
Project("{FAE04EC0-301F-11D3-BF4B-00C04F79EFBC}") = "Oculus.Spatializer.Editor", "Oculus.Spatializer.Editor.csproj", "{B11E6BBC-0025-1993-5C67-88D8B0ACB443}"
EndProject
Project("{FAE04EC0-301F-11D3-BF4B-00C04F79EFBC}") = "Meta.WitAi.TTS.Editor", "Meta.WitAi.TTS.Editor.csproj", "{77AE96FE-BC92-6B08-4A7A-4A8D09302D85}"
EndProject
Project("{FAE04EC0-301F-11D3-BF4B-00C04F79EFBC}") = "VoiceSDK.Dictation.Editor", "VoiceSDK.Dictation.Editor.csproj", "{C9EC11D7-4305-6DB8-B60D-D1C1A50D7038}"
EndProject
Project("{FAE04EC0-301F-11D3-BF4B-00C04F79EFBC}") = "Oculus.Platform.Editor", "Oculus.Platform.Editor.csproj", "{DD9BAEE1-7C3F-D282-B624-ED20661691D6}"
EndProject
Project("{FAE04EC0-301F-11D3-BF4B-00C04F79EFBC}") = "VoiceSDK.Editor", "VoiceSDK.Editor.csproj", "{101B804D-E2E1-E8E7-5221-0535DBC847E8}"
EndProject
Project("{FAE04EC0-301F-11D3-BF4B-00C04F79EFBC}") = "Oculus.AudioManager.Audio.Editor", "Oculus.AudioManager.Audio.Editor.csproj", "{17ECD82C-B74D-6E80-821E-414C57575D81}"
EndProject
Project("{FAE04EC0-301F-11D3-BF4B-00C04F79EFBC}") = "Oculus.LipSync.Editor", "Oculus.LipSync.Editor.csproj", "{D33A78D0-F1AD-581F-934A-FB2B6B4E2F4F}"
EndProject
Project("{FAE04EC0-301F-11D3-BF4B-00C04F79EFBC}") = "Oculus.AudioManager.Utils.Editor", "Oculus.AudioManager.Utils.Editor.csproj", "{D7704F53-B665-6530-146F-3FB5DCF9470E}"
EndProject
Project("{FAE04EC0-301F-11D3-BF4B-00C04F79EFBC}") = "Oculus.Interaction.Samples.Editor", "Oculus.Interaction.Samples.Editor.csproj", "{B93EC84B-16F1-BC8A-4CE4-CC9FB7103FB6}"
EndProject
Project("{FAE04EC0-301F-11D3-BF4B-00C04F79EFBC}") = "Facebook.Wit.Dictation.Editor", "Facebook.Wit.Dictation.Editor.csproj", "{D2302CB3-FE1F-194A-DD9A-9914127A40E2}"
EndProject
Project("{FAE04EC0-301F-11D3-BF4B-00C04F79EFBC}") = "Oculus.Interaction.InterfaceSupport", "Oculus.Interaction.InterfaceSupport.csproj", "{BC6122F6-7FC2-8AFD-06E4-C9D540EA94D9}"
EndProject
Project("{FAE04EC0-301F-11D3-BF4B-00C04F79EFBC}") = "Meta.Voice.VSDKHub.Editor", "Meta.Voice.VSDKHub.Editor.csproj", "{CDBD6246-1577-3935-4B6A-7ABB1C447C8C}"
EndProject
Project("{FAE04EC0-301F-11D3-BF4B-00C04F79EFBC}") = "AssistantCoreSDKEditor", "AssistantCoreSDKEditor.csproj", "{B2EDD022-230D-BA42-D17D-00A2435AE610}"
EndProject
Global
	GlobalSection(SolutionConfigurationPlatforms) = preSolution
		Debug|Any CPU = Debug|Any CPU
		Release|Any CPU = Release|Any CPU
	EndGlobalSection
	GlobalSection(ProjectConfigurationPlatforms) = postSolution
		{DC569937-F7B8-07A6-43D8-C31BC1D54FF9}.Debug|Any CPU.ActiveCfg = Debug|Any CPU
		{DC569937-F7B8-07A6-43D8-C31BC1D54FF9}.Debug|Any CPU.Build.0 = Debug|Any CPU
		{DC569937-F7B8-07A6-43D8-C31BC1D54FF9}.Release|Any CPU.ActiveCfg = Release|Any CPU
		{DC569937-F7B8-07A6-43D8-C31BC1D54FF9}.Release|Any CPU.Build.0 = Release|Any CPU
		{C9FC1B86-8FD1-3948-34A5-859355B67200}.Debug|Any CPU.ActiveCfg = Debug|Any CPU
		{C9FC1B86-8FD1-3948-34A5-859355B67200}.Debug|Any CPU.Build.0 = Debug|Any CPU
		{C9FC1B86-8FD1-3948-34A5-859355B67200}.Release|Any CPU.ActiveCfg = Release|Any CPU
		{C9FC1B86-8FD1-3948-34A5-859355B67200}.Release|Any CPU.Build.0 = Release|Any CPU
		{E75AB7D0-C3E9-8E7B-1EDC-527C1BBB6C52}.Debug|Any CPU.ActiveCfg = Debug|Any CPU
		{E75AB7D0-C3E9-8E7B-1EDC-527C1BBB6C52}.Debug|Any CPU.Build.0 = Debug|Any CPU
		{E75AB7D0-C3E9-8E7B-1EDC-527C1BBB6C52}.Release|Any CPU.ActiveCfg = Release|Any CPU
		{E75AB7D0-C3E9-8E7B-1EDC-527C1BBB6C52}.Release|Any CPU.Build.0 = Release|Any CPU
		{3CEEBC89-5FB5-837A-4F7C-3EF7E85F92DE}.Debug|Any CPU.ActiveCfg = Debug|Any CPU
		{3CEEBC89-5FB5-837A-4F7C-3EF7E85F92DE}.Debug|Any CPU.Build.0 = Debug|Any CPU
		{3CEEBC89-5FB5-837A-4F7C-3EF7E85F92DE}.Release|Any CPU.ActiveCfg = Release|Any CPU
		{3CEEBC89-5FB5-837A-4F7C-3EF7E85F92DE}.Release|Any CPU.Build.0 = Release|Any CPU
		{94B1ECF0-F812-F981-EA5E-AD7C61BBA197}.Debug|Any CPU.ActiveCfg = Debug|Any CPU
		{94B1ECF0-F812-F981-EA5E-AD7C61BBA197}.Debug|Any CPU.Build.0 = Debug|Any CPU
		{94B1ECF0-F812-F981-EA5E-AD7C61BBA197}.Release|Any CPU.ActiveCfg = Release|Any CPU
		{94B1ECF0-F812-F981-EA5E-AD7C61BBA197}.Release|Any CPU.Build.0 = Release|Any CPU
		{43027E52-0BA2-9125-B926-8A0BDCF91733}.Debug|Any CPU.ActiveCfg = Debug|Any CPU
		{43027E52-0BA2-9125-B926-8A0BDCF91733}.Debug|Any CPU.Build.0 = Debug|Any CPU
		{43027E52-0BA2-9125-B926-8A0BDCF91733}.Release|Any CPU.ActiveCfg = Release|Any CPU
		{43027E52-0BA2-9125-B926-8A0BDCF91733}.Release|Any CPU.Build.0 = Release|Any CPU
		{CDCDD09B-2BC7-73A8-8E49-8C39D73E6ED2}.Debug|Any CPU.ActiveCfg = Debug|Any CPU
		{CDCDD09B-2BC7-73A8-8E49-8C39D73E6ED2}.Debug|Any CPU.Build.0 = Debug|Any CPU
		{CDCDD09B-2BC7-73A8-8E49-8C39D73E6ED2}.Release|Any CPU.ActiveCfg = Release|Any CPU
		{CDCDD09B-2BC7-73A8-8E49-8C39D73E6ED2}.Release|Any CPU.Build.0 = Release|Any CPU
		{1BC21E2C-2B9D-0C8A-78D6-380251227D37}.Debug|Any CPU.ActiveCfg = Debug|Any CPU
		{1BC21E2C-2B9D-0C8A-78D6-380251227D37}.Debug|Any CPU.Build.0 = Debug|Any CPU
		{1BC21E2C-2B9D-0C8A-78D6-380251227D37}.Release|Any CPU.ActiveCfg = Release|Any CPU
		{1BC21E2C-2B9D-0C8A-78D6-380251227D37}.Release|Any CPU.Build.0 = Release|Any CPU
		{7C0DF4BE-6EEA-856D-D99A-A9317775EA94}.Debug|Any CPU.ActiveCfg = Debug|Any CPU
		{7C0DF4BE-6EEA-856D-D99A-A9317775EA94}.Debug|Any CPU.Build.0 = Debug|Any CPU
		{7C0DF4BE-6EEA-856D-D99A-A9317775EA94}.Release|Any CPU.ActiveCfg = Release|Any CPU
		{7C0DF4BE-6EEA-856D-D99A-A9317775EA94}.Release|Any CPU.Build.0 = Release|Any CPU
		{84850C07-CCCE-DB3A-0ED9-B06E68D59584}.Debug|Any CPU.ActiveCfg = Debug|Any CPU
		{84850C07-CCCE-DB3A-0ED9-B06E68D59584}.Debug|Any CPU.Build.0 = Debug|Any CPU
		{84850C07-CCCE-DB3A-0ED9-B06E68D59584}.Release|Any CPU.ActiveCfg = Release|Any CPU
		{84850C07-CCCE-DB3A-0ED9-B06E68D59584}.Release|Any CPU.Build.0 = Release|Any CPU
		{726425E0-757C-71E4-D330-B6E8D5D697EC}.Debug|Any CPU.ActiveCfg = Debug|Any CPU
		{726425E0-757C-71E4-D330-B6E8D5D697EC}.Debug|Any CPU.Build.0 = Debug|Any CPU
		{726425E0-757C-71E4-D330-B6E8D5D697EC}.Release|Any CPU.ActiveCfg = Release|Any CPU
		{726425E0-757C-71E4-D330-B6E8D5D697EC}.Release|Any CPU.Build.0 = Release|Any CPU
		{5EAA62F9-C75F-A43E-7F9C-5B1EDBAB0801}.Debug|Any CPU.ActiveCfg = Debug|Any CPU
		{5EAA62F9-C75F-A43E-7F9C-5B1EDBAB0801}.Debug|Any CPU.Build.0 = Debug|Any CPU
		{5EAA62F9-C75F-A43E-7F9C-5B1EDBAB0801}.Release|Any CPU.ActiveCfg = Release|Any CPU
		{5EAA62F9-C75F-A43E-7F9C-5B1EDBAB0801}.Release|Any CPU.Build.0 = Release|Any CPU
		{2ACD7EB1-A3CF-70F0-D1E0-BDC55452C41B}.Debug|Any CPU.ActiveCfg = Debug|Any CPU
		{2ACD7EB1-A3CF-70F0-D1E0-BDC55452C41B}.Debug|Any CPU.Build.0 = Debug|Any CPU
		{2ACD7EB1-A3CF-70F0-D1E0-BDC55452C41B}.Release|Any CPU.ActiveCfg = Release|Any CPU
		{2ACD7EB1-A3CF-70F0-D1E0-BDC55452C41B}.Release|Any CPU.Build.0 = Release|Any CPU
		{3A83B0B5-D79F-B283-92D9-A87501B06F0D}.Debug|Any CPU.ActiveCfg = Debug|Any CPU
		{3A83B0B5-D79F-B283-92D9-A87501B06F0D}.Debug|Any CPU.Build.0 = Debug|Any CPU
		{3A83B0B5-D79F-B283-92D9-A87501B06F0D}.Release|Any CPU.ActiveCfg = Release|Any CPU
		{3A83B0B5-D79F-B283-92D9-A87501B06F0D}.Release|Any CPU.Build.0 = Release|Any CPU
		{24BE58F4-4732-3AE1-AD98-CD1515BE73DF}.Debug|Any CPU.ActiveCfg = Debug|Any CPU
		{24BE58F4-4732-3AE1-AD98-CD1515BE73DF}.Debug|Any CPU.Build.0 = Debug|Any CPU
		{24BE58F4-4732-3AE1-AD98-CD1515BE73DF}.Release|Any CPU.ActiveCfg = Release|Any CPU
		{24BE58F4-4732-3AE1-AD98-CD1515BE73DF}.Release|Any CPU.Build.0 = Release|Any CPU
		{C94D42C2-CC5C-DDB7-AC42-C876C08EC7E9}.Debug|Any CPU.ActiveCfg = Debug|Any CPU
		{C94D42C2-CC5C-DDB7-AC42-C876C08EC7E9}.Debug|Any CPU.Build.0 = Debug|Any CPU
		{C94D42C2-CC5C-DDB7-AC42-C876C08EC7E9}.Release|Any CPU.ActiveCfg = Release|Any CPU
		{C94D42C2-CC5C-DDB7-AC42-C876C08EC7E9}.Release|Any CPU.Build.0 = Release|Any CPU
		{90903154-6B13-708F-05D6-3B426D18A063}.Debug|Any CPU.ActiveCfg = Debug|Any CPU
		{90903154-6B13-708F-05D6-3B426D18A063}.Debug|Any CPU.Build.0 = Debug|Any CPU
		{90903154-6B13-708F-05D6-3B426D18A063}.Release|Any CPU.ActiveCfg = Release|Any CPU
		{90903154-6B13-708F-05D6-3B426D18A063}.Release|Any CPU.Build.0 = Release|Any CPU
		{D4CDF345-7F29-3AA6-F73D-267406281DB9}.Debug|Any CPU.ActiveCfg = Debug|Any CPU
		{D4CDF345-7F29-3AA6-F73D-267406281DB9}.Debug|Any CPU.Build.0 = Debug|Any CPU
		{D4CDF345-7F29-3AA6-F73D-267406281DB9}.Release|Any CPU.ActiveCfg = Release|Any CPU
		{D4CDF345-7F29-3AA6-F73D-267406281DB9}.Release|Any CPU.Build.0 = Release|Any CPU
		{925A94A8-055A-5882-70A4-354130B1057E}.Debug|Any CPU.ActiveCfg = Debug|Any CPU
		{925A94A8-055A-5882-70A4-354130B1057E}.Debug|Any CPU.Build.0 = Debug|Any CPU
		{925A94A8-055A-5882-70A4-354130B1057E}.Release|Any CPU.ActiveCfg = Release|Any CPU
		{925A94A8-055A-5882-70A4-354130B1057E}.Release|Any CPU.Build.0 = Release|Any CPU
		{9316E5F4-5A74-FCD2-C813-37CB48BA06CE}.Debug|Any CPU.ActiveCfg = Debug|Any CPU
		{9316E5F4-5A74-FCD2-C813-37CB48BA06CE}.Debug|Any CPU.Build.0 = Debug|Any CPU
		{9316E5F4-5A74-FCD2-C813-37CB48BA06CE}.Release|Any CPU.ActiveCfg = Release|Any CPU
		{9316E5F4-5A74-FCD2-C813-37CB48BA06CE}.Release|Any CPU.Build.0 = Release|Any CPU
		{2299484D-4D7A-C390-6829-8F62057F4C63}.Debug|Any CPU.ActiveCfg = Debug|Any CPU
		{2299484D-4D7A-C390-6829-8F62057F4C63}.Debug|Any CPU.Build.0 = Debug|Any CPU
		{2299484D-4D7A-C390-6829-8F62057F4C63}.Release|Any CPU.ActiveCfg = Release|Any CPU
		{2299484D-4D7A-C390-6829-8F62057F4C63}.Release|Any CPU.Build.0 = Release|Any CPU
		{F377E9AF-1054-8456-D73B-8E0B75DAC622}.Debug|Any CPU.ActiveCfg = Debug|Any CPU
		{F377E9AF-1054-8456-D73B-8E0B75DAC622}.Debug|Any CPU.Build.0 = Debug|Any CPU
		{F377E9AF-1054-8456-D73B-8E0B75DAC622}.Release|Any CPU.ActiveCfg = Release|Any CPU
		{F377E9AF-1054-8456-D73B-8E0B75DAC622}.Release|Any CPU.Build.0 = Release|Any CPU
		{1DC8CE22-3FE9-5B04-5580-6B8F77F0B1E5}.Debug|Any CPU.ActiveCfg = Debug|Any CPU
		{1DC8CE22-3FE9-5B04-5580-6B8F77F0B1E5}.Debug|Any CPU.Build.0 = Debug|Any CPU
		{1DC8CE22-3FE9-5B04-5580-6B8F77F0B1E5}.Release|Any CPU.ActiveCfg = Release|Any CPU
		{1DC8CE22-3FE9-5B04-5580-6B8F77F0B1E5}.Release|Any CPU.Build.0 = Release|Any CPU
		{850B02DC-2B20-A0FE-E673-64920A7A79F4}.Debug|Any CPU.ActiveCfg = Debug|Any CPU
		{850B02DC-2B20-A0FE-E673-64920A7A79F4}.Debug|Any CPU.Build.0 = Debug|Any CPU
		{850B02DC-2B20-A0FE-E673-64920A7A79F4}.Release|Any CPU.ActiveCfg = Release|Any CPU
		{850B02DC-2B20-A0FE-E673-64920A7A79F4}.Release|Any CPU.Build.0 = Release|Any CPU
		{3D04EFCD-1010-1A50-08E0-6BF76B33102E}.Debug|Any CPU.ActiveCfg = Debug|Any CPU
		{3D04EFCD-1010-1A50-08E0-6BF76B33102E}.Debug|Any CPU.Build.0 = Debug|Any CPU
		{3D04EFCD-1010-1A50-08E0-6BF76B33102E}.Release|Any CPU.ActiveCfg = Release|Any CPU
		{3D04EFCD-1010-1A50-08E0-6BF76B33102E}.Release|Any CPU.Build.0 = Release|Any CPU
		{F99AB601-4327-ADD8-F6E3-78B1FB175898}.Debug|Any CPU.ActiveCfg = Debug|Any CPU
		{F99AB601-4327-ADD8-F6E3-78B1FB175898}.Debug|Any CPU.Build.0 = Debug|Any CPU
		{F99AB601-4327-ADD8-F6E3-78B1FB175898}.Release|Any CPU.ActiveCfg = Release|Any CPU
		{F99AB601-4327-ADD8-F6E3-78B1FB175898}.Release|Any CPU.Build.0 = Release|Any CPU
		{FB1E0EBB-8ABF-811E-8E52-D49D3E8A8D86}.Debug|Any CPU.ActiveCfg = Debug|Any CPU
		{FB1E0EBB-8ABF-811E-8E52-D49D3E8A8D86}.Debug|Any CPU.Build.0 = Debug|Any CPU
		{FB1E0EBB-8ABF-811E-8E52-D49D3E8A8D86}.Release|Any CPU.ActiveCfg = Release|Any CPU
		{FB1E0EBB-8ABF-811E-8E52-D49D3E8A8D86}.Release|Any CPU.Build.0 = Release|Any CPU
		{65D7E791-D20F-3D5A-25C5-8843110E9AFB}.Debug|Any CPU.ActiveCfg = Debug|Any CPU
		{65D7E791-D20F-3D5A-25C5-8843110E9AFB}.Debug|Any CPU.Build.0 = Debug|Any CPU
		{65D7E791-D20F-3D5A-25C5-8843110E9AFB}.Release|Any CPU.ActiveCfg = Release|Any CPU
		{65D7E791-D20F-3D5A-25C5-8843110E9AFB}.Release|Any CPU.Build.0 = Release|Any CPU
		{1BDE8962-8D34-87DA-893F-B46C66057B24}.Debug|Any CPU.ActiveCfg = Debug|Any CPU
		{1BDE8962-8D34-87DA-893F-B46C66057B24}.Debug|Any CPU.Build.0 = Debug|Any CPU
		{1BDE8962-8D34-87DA-893F-B46C66057B24}.Release|Any CPU.ActiveCfg = Release|Any CPU
		{1BDE8962-8D34-87DA-893F-B46C66057B24}.Release|Any CPU.Build.0 = Release|Any CPU
		{C0581080-277F-15FF-7086-F7398ACF8804}.Debug|Any CPU.ActiveCfg = Debug|Any CPU
		{C0581080-277F-15FF-7086-F7398ACF8804}.Debug|Any CPU.Build.0 = Debug|Any CPU
		{C0581080-277F-15FF-7086-F7398ACF8804}.Release|Any CPU.ActiveCfg = Release|Any CPU
		{C0581080-277F-15FF-7086-F7398ACF8804}.Release|Any CPU.Build.0 = Release|Any CPU
		{000FD151-1D8A-0C7C-7906-72EA980ABD8A}.Debug|Any CPU.ActiveCfg = Debug|Any CPU
		{000FD151-1D8A-0C7C-7906-72EA980ABD8A}.Debug|Any CPU.Build.0 = Debug|Any CPU
		{000FD151-1D8A-0C7C-7906-72EA980ABD8A}.Release|Any CPU.ActiveCfg = Release|Any CPU
		{000FD151-1D8A-0C7C-7906-72EA980ABD8A}.Release|Any CPU.Build.0 = Release|Any CPU
		{35BDF5CE-D7EE-53D5-18AF-2CDCDA5F0041}.Debug|Any CPU.ActiveCfg = Debug|Any CPU
		{35BDF5CE-D7EE-53D5-18AF-2CDCDA5F0041}.Debug|Any CPU.Build.0 = Debug|Any CPU
		{35BDF5CE-D7EE-53D5-18AF-2CDCDA5F0041}.Release|Any CPU.ActiveCfg = Release|Any CPU
		{35BDF5CE-D7EE-53D5-18AF-2CDCDA5F0041}.Release|Any CPU.Build.0 = Release|Any CPU
		{9697AFBF-735F-1B19-1F12-684DC17DC2BD}.Debug|Any CPU.ActiveCfg = Debug|Any CPU
		{9697AFBF-735F-1B19-1F12-684DC17DC2BD}.Debug|Any CPU.Build.0 = Debug|Any CPU
		{9697AFBF-735F-1B19-1F12-684DC17DC2BD}.Release|Any CPU.ActiveCfg = Release|Any CPU
		{9697AFBF-735F-1B19-1F12-684DC17DC2BD}.Release|Any CPU.Build.0 = Release|Any CPU
		{967C6479-4D6C-AFEC-58F5-B85ED27A7BBA}.Debug|Any CPU.ActiveCfg = Debug|Any CPU
		{967C6479-4D6C-AFEC-58F5-B85ED27A7BBA}.Debug|Any CPU.Build.0 = Debug|Any CPU
		{967C6479-4D6C-AFEC-58F5-B85ED27A7BBA}.Release|Any CPU.ActiveCfg = Release|Any CPU
		{967C6479-4D6C-AFEC-58F5-B85ED27A7BBA}.Release|Any CPU.Build.0 = Release|Any CPU
		{1FFFED8F-3F03-7C84-D7E0-6D6F46C2636D}.Debug|Any CPU.ActiveCfg = Debug|Any CPU
		{1FFFED8F-3F03-7C84-D7E0-6D6F46C2636D}.Debug|Any CPU.Build.0 = Debug|Any CPU
		{1FFFED8F-3F03-7C84-D7E0-6D6F46C2636D}.Release|Any CPU.ActiveCfg = Release|Any CPU
		{1FFFED8F-3F03-7C84-D7E0-6D6F46C2636D}.Release|Any CPU.Build.0 = Release|Any CPU
		{B5FA52C7-5DBE-498E-CD39-A10F3628C6A1}.Debug|Any CPU.ActiveCfg = Debug|Any CPU
		{B5FA52C7-5DBE-498E-CD39-A10F3628C6A1}.Debug|Any CPU.Build.0 = Debug|Any CPU
		{B5FA52C7-5DBE-498E-CD39-A10F3628C6A1}.Release|Any CPU.ActiveCfg = Release|Any CPU
		{B5FA52C7-5DBE-498E-CD39-A10F3628C6A1}.Release|Any CPU.Build.0 = Release|Any CPU
		{76DA9067-F845-E291-A50F-DCF13A36DD7E}.Debug|Any CPU.ActiveCfg = Debug|Any CPU
		{76DA9067-F845-E291-A50F-DCF13A36DD7E}.Debug|Any CPU.Build.0 = Debug|Any CPU
		{76DA9067-F845-E291-A50F-DCF13A36DD7E}.Release|Any CPU.ActiveCfg = Release|Any CPU
		{76DA9067-F845-E291-A50F-DCF13A36DD7E}.Release|Any CPU.Build.0 = Release|Any CPU
		{0DE54A29-61B0-8701-F003-CB4F7968F507}.Debug|Any CPU.ActiveCfg = Debug|Any CPU
		{0DE54A29-61B0-8701-F003-CB4F7968F507}.Debug|Any CPU.Build.0 = Debug|Any CPU
		{0DE54A29-61B0-8701-F003-CB4F7968F507}.Release|Any CPU.ActiveCfg = Release|Any CPU
		{0DE54A29-61B0-8701-F003-CB4F7968F507}.Release|Any CPU.Build.0 = Release|Any CPU
		{71ED1165-5BFE-8CFE-6B15-9E22177AA424}.Debug|Any CPU.ActiveCfg = Debug|Any CPU
		{71ED1165-5BFE-8CFE-6B15-9E22177AA424}.Debug|Any CPU.Build.0 = Debug|Any CPU
		{71ED1165-5BFE-8CFE-6B15-9E22177AA424}.Release|Any CPU.ActiveCfg = Release|Any CPU
		{71ED1165-5BFE-8CFE-6B15-9E22177AA424}.Release|Any CPU.Build.0 = Release|Any CPU
		{309FB79E-7643-3384-1094-A7EEED17317F}.Debug|Any CPU.ActiveCfg = Debug|Any CPU
		{309FB79E-7643-3384-1094-A7EEED17317F}.Debug|Any CPU.Build.0 = Debug|Any CPU
		{309FB79E-7643-3384-1094-A7EEED17317F}.Release|Any CPU.ActiveCfg = Release|Any CPU
		{309FB79E-7643-3384-1094-A7EEED17317F}.Release|Any CPU.Build.0 = Release|Any CPU
		{7D084852-B9B5-43A4-9D3F-D1A93F1E67CE}.Debug|Any CPU.ActiveCfg = Debug|Any CPU
		{7D084852-B9B5-43A4-9D3F-D1A93F1E67CE}.Debug|Any CPU.Build.0 = Debug|Any CPU
		{7D084852-B9B5-43A4-9D3F-D1A93F1E67CE}.Release|Any CPU.ActiveCfg = Release|Any CPU
		{7D084852-B9B5-43A4-9D3F-D1A93F1E67CE}.Release|Any CPU.Build.0 = Release|Any CPU
		{35C97B53-BE38-E156-87D8-4880BBDBD917}.Debug|Any CPU.ActiveCfg = Debug|Any CPU
		{35C97B53-BE38-E156-87D8-4880BBDBD917}.Debug|Any CPU.Build.0 = Debug|Any CPU
		{35C97B53-BE38-E156-87D8-4880BBDBD917}.Release|Any CPU.ActiveCfg = Release|Any CPU
		{35C97B53-BE38-E156-87D8-4880BBDBD917}.Release|Any CPU.Build.0 = Release|Any CPU
		{B11E6BBC-0025-1993-5C67-88D8B0ACB443}.Debug|Any CPU.ActiveCfg = Debug|Any CPU
		{B11E6BBC-0025-1993-5C67-88D8B0ACB443}.Debug|Any CPU.Build.0 = Debug|Any CPU
		{B11E6BBC-0025-1993-5C67-88D8B0ACB443}.Release|Any CPU.ActiveCfg = Release|Any CPU
		{B11E6BBC-0025-1993-5C67-88D8B0ACB443}.Release|Any CPU.Build.0 = Release|Any CPU
		{77AE96FE-BC92-6B08-4A7A-4A8D09302D85}.Debug|Any CPU.ActiveCfg = Debug|Any CPU
		{77AE96FE-BC92-6B08-4A7A-4A8D09302D85}.Debug|Any CPU.Build.0 = Debug|Any CPU
		{77AE96FE-BC92-6B08-4A7A-4A8D09302D85}.Release|Any CPU.ActiveCfg = Release|Any CPU
		{77AE96FE-BC92-6B08-4A7A-4A8D09302D85}.Release|Any CPU.Build.0 = Release|Any CPU
		{C9EC11D7-4305-6DB8-B60D-D1C1A50D7038}.Debug|Any CPU.ActiveCfg = Debug|Any CPU
		{C9EC11D7-4305-6DB8-B60D-D1C1A50D7038}.Debug|Any CPU.Build.0 = Debug|Any CPU
		{C9EC11D7-4305-6DB8-B60D-D1C1A50D7038}.Release|Any CPU.ActiveCfg = Release|Any CPU
		{C9EC11D7-4305-6DB8-B60D-D1C1A50D7038}.Release|Any CPU.Build.0 = Release|Any CPU
		{DD9BAEE1-7C3F-D282-B624-ED20661691D6}.Debug|Any CPU.ActiveCfg = Debug|Any CPU
		{DD9BAEE1-7C3F-D282-B624-ED20661691D6}.Debug|Any CPU.Build.0 = Debug|Any CPU
		{DD9BAEE1-7C3F-D282-B624-ED20661691D6}.Release|Any CPU.ActiveCfg = Release|Any CPU
		{DD9BAEE1-7C3F-D282-B624-ED20661691D6}.Release|Any CPU.Build.0 = Release|Any CPU
		{101B804D-E2E1-E8E7-5221-0535DBC847E8}.Debug|Any CPU.ActiveCfg = Debug|Any CPU
		{101B804D-E2E1-E8E7-5221-0535DBC847E8}.Debug|Any CPU.Build.0 = Debug|Any CPU
		{101B804D-E2E1-E8E7-5221-0535DBC847E8}.Release|Any CPU.ActiveCfg = Release|Any CPU
		{101B804D-E2E1-E8E7-5221-0535DBC847E8}.Release|Any CPU.Build.0 = Release|Any CPU
		{17ECD82C-B74D-6E80-821E-414C57575D81}.Debug|Any CPU.ActiveCfg = Debug|Any CPU
		{17ECD82C-B74D-6E80-821E-414C57575D81}.Debug|Any CPU.Build.0 = Debug|Any CPU
		{17ECD82C-B74D-6E80-821E-414C57575D81}.Release|Any CPU.ActiveCfg = Release|Any CPU
		{17ECD82C-B74D-6E80-821E-414C57575D81}.Release|Any CPU.Build.0 = Release|Any CPU
		{D33A78D0-F1AD-581F-934A-FB2B6B4E2F4F}.Debug|Any CPU.ActiveCfg = Debug|Any CPU
		{D33A78D0-F1AD-581F-934A-FB2B6B4E2F4F}.Debug|Any CPU.Build.0 = Debug|Any CPU
		{D33A78D0-F1AD-581F-934A-FB2B6B4E2F4F}.Release|Any CPU.ActiveCfg = Release|Any CPU
		{D33A78D0-F1AD-581F-934A-FB2B6B4E2F4F}.Release|Any CPU.Build.0 = Release|Any CPU
		{D7704F53-B665-6530-146F-3FB5DCF9470E}.Debug|Any CPU.ActiveCfg = Debug|Any CPU
		{D7704F53-B665-6530-146F-3FB5DCF9470E}.Debug|Any CPU.Build.0 = Debug|Any CPU
		{D7704F53-B665-6530-146F-3FB5DCF9470E}.Release|Any CPU.ActiveCfg = Release|Any CPU
		{D7704F53-B665-6530-146F-3FB5DCF9470E}.Release|Any CPU.Build.0 = Release|Any CPU
		{B93EC84B-16F1-BC8A-4CE4-CC9FB7103FB6}.Debug|Any CPU.ActiveCfg = Debug|Any CPU
		{B93EC84B-16F1-BC8A-4CE4-CC9FB7103FB6}.Debug|Any CPU.Build.0 = Debug|Any CPU
		{B93EC84B-16F1-BC8A-4CE4-CC9FB7103FB6}.Release|Any CPU.ActiveCfg = Release|Any CPU
		{B93EC84B-16F1-BC8A-4CE4-CC9FB7103FB6}.Release|Any CPU.Build.0 = Release|Any CPU
		{D2302CB3-FE1F-194A-DD9A-9914127A40E2}.Debug|Any CPU.ActiveCfg = Debug|Any CPU
		{D2302CB3-FE1F-194A-DD9A-9914127A40E2}.Debug|Any CPU.Build.0 = Debug|Any CPU
		{D2302CB3-FE1F-194A-DD9A-9914127A40E2}.Release|Any CPU.ActiveCfg = Release|Any CPU
		{D2302CB3-FE1F-194A-DD9A-9914127A40E2}.Release|Any CPU.Build.0 = Release|Any CPU
		{BC6122F6-7FC2-8AFD-06E4-C9D540EA94D9}.Debug|Any CPU.ActiveCfg = Debug|Any CPU
		{BC6122F6-7FC2-8AFD-06E4-C9D540EA94D9}.Debug|Any CPU.Build.0 = Debug|Any CPU
		{BC6122F6-7FC2-8AFD-06E4-C9D540EA94D9}.Release|Any CPU.ActiveCfg = Release|Any CPU
		{BC6122F6-7FC2-8AFD-06E4-C9D540EA94D9}.Release|Any CPU.Build.0 = Release|Any CPU
		{CDBD6246-1577-3935-4B6A-7ABB1C447C8C}.Debug|Any CPU.ActiveCfg = Debug|Any CPU
		{CDBD6246-1577-3935-4B6A-7ABB1C447C8C}.Debug|Any CPU.Build.0 = Debug|Any CPU
		{CDBD6246-1577-3935-4B6A-7ABB1C447C8C}.Release|Any CPU.ActiveCfg = Release|Any CPU
		{CDBD6246-1577-3935-4B6A-7ABB1C447C8C}.Release|Any CPU.Build.0 = Release|Any CPU
		{B2EDD022-230D-BA42-D17D-00A2435AE610}.Debug|Any CPU.ActiveCfg = Debug|Any CPU
		{B2EDD022-230D-BA42-D17D-00A2435AE610}.Debug|Any CPU.Build.0 = Debug|Any CPU
		{B2EDD022-230D-BA42-D17D-00A2435AE610}.Release|Any CPU.ActiveCfg = Release|Any CPU
		{B2EDD022-230D-BA42-D17D-00A2435AE610}.Release|Any CPU.Build.0 = Release|Any CPU
	EndGlobalSection
	GlobalSection(SolutionProperties) = preSolution
		HideSolutionNode = FALSE
	EndGlobalSection
EndGlobal
